{
  "name": "leedonghyuk",
  "version": "0.2.0",
  "lockfileVersion": 3,
  "requires": true,
  "packages": {
    "": {
      "name": "leedonghyuk",
      "version": "0.2.0",
      "license": "ISC",
      "dependencies": {
        "leedonghyuk": "^0.2.0"
      },
      "bin": {
        "leedonghyuk": "index.js"
      }
    },
    "node_modules/leedonghyuk": {
      "version": "0.2.0",
      "resolved": "https://registry.npmjs.org/leedonghyuk/-/leedonghyuk-0.2.0.tgz",
      "integrity": "sha512-voVw7fSq0qTrkqnn++MYn4s8rJj4ShdKHiYGMIerVRmhFf73se+xPxirAsyBGrFZfjZ3r2BbofwM+WJ0gs2pfg==",
      "bin": {
        "leedonghyuk": "index.js"
      }
    }
  }
}
